Microsoft Visual Studio Solution File, Format Version 12.00
# Visual Studio Version 17
VisualStudioVersion = 17.0.31903.59
MinimumVisualStudioVersion = 10.0.40219.1
Project("{F752D78A-14A6-499E-8E1E-953F5E5769B5}") = "Project_28dd89ec6bdb4ddab5c24ee921835a3a_20250601200320609646", "Project_28dd89ec6bdb4ddab5c24ee921835a3a_20250601200320609646.csproj", "{F752D78A-14A6-499E-8E1E-953F5E5769B5}"
EndProject
Global
    GlobalSection(SolutionConfigurationPlatforms) = preSolution
        Debug|Any CPU = Debug|Any CPU
        Release|Any CPU = Release|Any CPU
    EndGlobalSection
    GlobalSection(ProjectConfigurationPlatforms) = postSolution
        {F752D78A-14A6-499E-8E1E-953F5E5769B5}.Debug|Any CPU.ActiveCfg = Debug|Any CPU
        {F752D78A-14A6-499E-8E1E-953F5E5769B5}.Debug|Any CPU.Build.0 = Debug|Any CPU
        {F752D78A-14A6-499E-8E1E-953F5E5769B5}.Release|Any CPU.ActiveCfg = Release|Any CPU
        {F752D78A-14A6-499E-8E1E-953F5E5769B5}.Release|Any CPU.Build.0 = Release|Any CPU
    EndGlobalSection
EndGlobal